
Microsoft Visual Studio Solution File, Format Version 12.00
# Visual Studio Version 17
VisualStudioVersion = 17.14.36202.13 d17.14
MinimumVisualStudioVersion = 10.0.40219.1
Project("{FAE04EC0-301F-11D3-BF4B-00C04F79EFBC}") = "ASPCoreWebAPICRUD", "ASPCoreWebAPICRUD\ASPCoreWebAPICRUD.csproj", "{691548F5-0B6C-4D3C-9EC8-CBA5A3585EC5}"
EndProject
Global
	GlobalSection(SolutionConfigurationPlatforms) = preSolution
		Debug|Any CPU = Debug|Any CPU
		Release|Any CPU = Release|Any CPU
	EndGlobalSection
	GlobalSection(ProjectConfigurationPlatforms) = postSolution
		{691548F5-0B6C-4D3C-9EC8-CBA5A3585EC5}.Debug|Any CPU.ActiveCfg = Debug|Any CPU
		{691548F5-0B6C-4D3C-9EC8-CBA5A3585EC5}.Debug|Any CPU.Build.0 = Debug|Any CPU
		{691548F5-0B6C-4D3C-9EC8-CBA5A3585EC5}.Release|Any CPU.ActiveCfg = Release|Any CPU
		{691548F5-0B6C-4D3C-9EC8-CBA5A3585EC5}.Release|Any CPU.Build.0 = Release|Any CPU
	EndGlobalSection
	GlobalSection(SolutionProperties) = preSolution
		HideSolutionNode = FALSE
	EndGlobalSection
	GlobalSection(ExtensibilityGlobals) = postSolution
		SolutionGuid = {7E9FB0C4-EDB5-4252-8FAE-724D74EB1677}
	EndGlobalSection
EndGlobal
